
Microsoft Visual Studio Solution File, Format Version 12.00
# Visual Studio 15
VisualStudioVersion = 15.0.27130.2020
MinimumVisualStudioVersion = 10.0.40219.1
Project("{FAE04EC0-301F-11D3-BF4B-00C04F79EFBC}") = "Sanat.MvcWebUI", "Sanat.MvcWebUI\Sanat.MvcWebUI.csproj", "{F02278DD-A188-4DA3-BCCD-33F30045EA5A}"
EndProject
Global
	GlobalSection(SolutionConfigurationPlatforms) = preSolution
		Debug|Any CPU = Debug|Any CPU
		Release|Any CPU = Release|Any CPU
	EndGlobalSection
	GlobalSection(ProjectConfigurationPlatforms) = postSolution
		{F02278DD-A188-4DA3-BCCD-33F30045EA5A}.Debug|Any CPU.ActiveCfg = Debug|Any CPU
		{F02278DD-A188-4DA3-BCCD-33F30045EA5A}.Debug|Any CPU.Build.0 = Debug|Any CPU
		{F02278DD-A188-4DA3-BCCD-33F30045EA5A}.Release|Any CPU.ActiveCfg = Release|Any CPU
		{F02278DD-A188-4DA3-BCCD-33F30045EA5A}.Release|Any CPU.Build.0 = Release|Any CPU
	EndGlobalSection
	GlobalSection(SolutionProperties) = preSolution
		HideSolutionNode = FALSE
	EndGlobalSection
	GlobalSection(ExtensibilityGlobals) = postSolution
		SolutionGuid = {619A470A-C980-4F28-8E3E-F5BA6CAF127A}
	EndGlobalSection
EndGlobal
